// !$*UTF8*$!
{
	archiveVersion = 1;
	classes = {
	};
	objectVersion = 46;
	objects = {

/* Begin PBXBuildFile section */
		550B0BF318B445200053A0F7 /* Foundation.framework in Frameworks */ = {isa = PBXBuildFile; fileRef = 550B0BF218B445200053A0F7 /* Foundation.framework */; };
		550B0BF518B445200053A0F7 /* CoreGraphics.framework in Frameworks */ = {isa = PBXBuildFile; fileRef = 550B0BF418B445200053A0F7 /* CoreGraphics.framework */; };
		550B0BF718B445200053A0F7 /* UIKit.framework in Frameworks */ = {isa = PBXBuildFile; fileRef = 550B0BF618B445200053A0F7 /* UIKit.framework */; };
		550B0BFD18B445200053A0F7 /* InfoPlist.strings in Resources */ = {isa = PBXBuildFile; fileRef = 550B0BFB18B445200053A0F7 /* InfoPlist.strings */; };
		550B0BFF18B445200053A0F7 /* main.m in Sources */ = {isa = PBXBuildFile; fileRef = 550B0BFE18B445200053A0F7 /* main.m */; };
		550B0C0318B445200053A0F7 /* DCMAppDelegate.m in Sources */ = {isa = PBXBuildFile; fileRef = 550B0C0218B445200053A0F7 /* DCMAppDelegate.m */; };
		550B0C0618B445200053A0F7 /* Main.storyboard in Resources */ = {isa = PBXBuildFile; fileRef = 550B0C0418B445200053A0F7 /* Main.storyboard */; };
		550B0C0918B445200053A0F7 /* DCMViewController.m in Sources */ = {isa = PBXBuildFile; fileRef = 550B0C0818B445200053A0F7 /* DCMViewController.m */; };
		550B0C0B18B445200053A0F7 /* Images.xcassets in Resources */ = {isa = PBXBuildFile; fileRef = 550B0C0A18B445200053A0F7 /* Images.xcassets */; };
		550B0C1218B445200053A0F7 /* XCTest.framework in Frameworks */ = {isa = PBXBuildFile; fileRef = 550B0C1118B445200053A0F7 /* XCTest.framework */; };
		550B0C1318B445200053A0F7 /* Foundation.framework in Frameworks */ = {isa = PBXBuildFile; fileRef = 550B0BF218B445200053A0F7 /* Foundation.framework */; };
		550B0C1418B445210053A0F7 /* UIKit.framework in Frameworks */ = {isa = PBXBuildFile; fileRef = 550B0BF618B445200053A0F7 /* UIKit.framework */; };
		550B0C1C18B445210053A0F7 /* InfoPlist.strings in Resources */ = {isa = PBXBuildFile; fileRef = 550B0C1A18B445210053A0F7 /* InfoPlist.strings */; };
		550B0C1E18B445210053A0F7 /* Basic_Pic_GrabberTests.m in Sources */ = {isa = PBXBuildFile; fileRef = 550B0C1D18B445210053A0F7 /* Basic_Pic_GrabberTests.m */; };
/* End PBXBuildFile section */

/* Begin PBXContainerItemProxy section */
		550B0C1518B445210053A0F7 /* PBXContainerItemProxy */ = {
			isa = PBXContainerItemProxy;
			containerPortal = 550B0BE718B445200053A0F7 /* Project object */;
			proxyType = 1;
			remoteGlobalIDString = 550B0BEE18B445200053A0F7;
			remoteInfo = "Basic Pic Grabber";
		};
/* End PBXContainerItemProxy section */

/* Begin PBXFileReference section */
		550B0BEF18B445200053A0F7 /* Basic Pic Grabber.app */ = {isa = PBXFileReference; explicitFileType = wrapper.application; includeInIndex = 0; path = "Basic Pic Grabber.app"; sourceTree = BUILT_PRODUCTS_DIR; };
		550B0BF218B445200053A0F7 /* Foundation.framework */ = {isa = PBXFileReference; lastKnownFileType = wrapper.framework; name = Foundation.framework; path = System/Library/Frameworks/Foundation.framework; sourceTree = SDKROOT; };
		550B0BF418B445200053A0F7 /* CoreGraphics.framework */ = {isa = PBXFileReference; lastKnownFileType = wrapper.framework; name = CoreGraphics.framework; path = System/Library/Frameworks/CoreGraphics.framework; sourceTree = SDKROOT; };
		550B0BF618B445200053A0F7 /* UIKit.framework */ = {isa = PBXFileReference; lastKnownFileType = wrapper.framework; name = UIKit.framework; path = System/Library/Frameworks/UIKit.framework; sourceTree = SDKROOT; };
		550B0BFA18B445200053A0F7 /* Basic Pic Grabber-Info.plist */ = {isa = PBXFileReference; lastKnownFileType = text.plist.xml; path = "Basic Pic Grabber-Info.plist"; sourceTree = "<group>"; };
		550B0BFC18B445200053A0F7 /* en */ = {isa = PBXFileReference; lastKnownFileType = text.plist.strings; name = en; path = en.lproj/InfoPlist.strings; sourceTree = "<group>"; };
		550B0BFE18B445200053A0F7 /* main.m */ = {isa = PBXFileReference; lastKnownFileType = sourcecode.c.objc; path = main.m; sourceTree = "<group>"; };
		550B0C0018B445200053A0F7 /* Basic Pic Grabber-Prefix.pch */ = {isa = PBXFileReference; lastKnownFileType = sourcecode.c.h; path = "Basic Pic Grabber-Prefix.pch"; sourceTree = "<group>"; };
		550B0C0118B445200053A0F7 /* DCMAppDelegate.h */ = {isa = PBXFileReference; lastKnownFileType = sourcecode.c.h; path = DCMAppDelegate.h; sourceTree = "<group>"; };
		550B0C0218B445200053A0F7 /* DCMAppDelegate.m */ = {isa = PBXFileReference; lastKnownFileType = sourcecode.c.objc; path = DCMAppDelegate.m; sourceTree = "<group>"; };
		550B0C0518B445200053A0F7 /* Base */ = {isa = PBXFileReference; lastKnownFileType = file.storyboard; name = Base; path = Base.lproj/Main.storyboard; sourceTree = "<group>"; };
		550B0C0718B445200053A0F7 /* DCMViewController.h */ = {isa = PBXFileReference; lastKnownFileType = sourcecode.c.h; path = DCMViewController.h; sourceTree = "<group>"; };
		550B0C0818B445200053A0F7 /* DCMViewController.m */ = {isa = PBXFileReference; lastKnownFileType = sourcecode.c.objc; path = DCMViewController.m; sourceTree = "<group>"; };
		550B0C0A18B445200053A0F7 /* Images.xcassets */ = {isa = PBXFileReference; lastKnownFileType = folder.assetcatalog; path = Images.xcassets; sourceTree = "<group>"; };
		550B0C1018B445200053A0F7 /* Basic Pic GrabberTests.xctest */ = {isa = PBXFileReference; explicitFileType = wrapper.cfbundle; includeInIndex = 0; path = "Basic Pic GrabberTests.xctest"; sourceTree = BUILT_PRODUCTS_DIR; };
		550B0C1118B445200053A0F7 /* XCTest.framework */ = {isa = PBXFileReference; lastKnownFileType = wrapper.framework; name = XCTest.framework; path = Library/Frameworks/XCTest.framework; sourceTree = DEVELOPER_DIR; };
		550B0C1918B445210053A0F7 /* Basic Pic GrabberTests-Info.plist */ = {isa = PBXFileReference; lastKnownFileType = text.plist.xml; path = "Basic Pic GrabberTests-Info.plist"; sourceTree = "<group>"; };
		550B0C1B18B445210053A0F7 /* en */ = {isa = PBXFileReference; lastKnownFileType = text.plist.strings; name = en; path = en.lproj/InfoPlist.strings; sourceTree = "<group>"; };
		550B0C1D18B445210053A0F7 /* Basic_Pic_GrabberTests.m */ = {isa = PBXFileReference; lastKnownFileType = sourcecode.c.objc; path = Basic_Pic_GrabberTests.m; sourceTree = "<group>"; };
/* End PBXFileReference section */

/* Begin PBXFrameworksBuildPhase section */
		550B0BEC18B445200053A0F7 /* Frameworks */ = {
			isa = PBXFrameworksBuildPhase;
			buildActionMask = 2147483647;
			files = (
				550B0BF518B445200053A0F7 /* CoreGraphics.framework in Frameworks */,
				550B0BF718B445200053A0F7 /* UIKit.framework in Frameworks */,
				550B0BF318B445200053A0F7 /* Foundation.framework in Frameworks */,
			);
			runOnlyForDeploymentPostprocessing = 0;
		};
		550B0C0D18B445200053A0F7 /* Frameworks */ = {
			isa = PBXFrameworksBuildPhase;
			buildActionMask = 2147483647;
			files = (
				550B0C1218B445200053A0F7 /* XCTest.framework in Frameworks */,
				550B0C1418B445210053A0F7 /* UIKit.framework in Frameworks */,
				550B0C1318B445200053A0F7 /* Foundation.framework in Frameworks */,
			);
			runOnlyForDeploymentPostprocessing = 0;
		};
/* End PBXFrameworksBuildPhase section */

/* Begin PBXGroup section */
		550B0BE618B445200053A0F7 = {
			isa = PBXGroup;
			children = (
				550B0BF818B445200053A0F7 /* Basic Pic Grabber */,
				550B0C1718B445210053A0F7 /* Basic Pic GrabberTests */,
				550B0BF118B445200053A0F7 /* Frameworks */,
				550B0BF018B445200053A0F7 /* Products */,
			);
			sourceTree = "<group>";
		};
		550B0BF018B445200053A0F7 /* Products */ = {
			isa = PBXGroup;
			children = (
				550B0BEF18B445200053A0F7 /* Basic Pic Grabber.app */,
				550B0C1018B445200053A0F7 /* Basic Pic GrabberTests.xctest */,
			);
			name = Products;
			sourceTree = "<group>";
		};
		550B0BF118B445200053A0F7 /* Frameworks */ = {
			isa = PBXGroup;
			children = (
				550B0BF218B445200053A0F7 /* Foundation.framework */,
				550B0BF418B445200053A0F7 /* CoreGraphics.framework */,
				550B0BF618B445200053A0F7 /* UIKit.framework */,
				550B0C1118B445200053A0F7 /* XCTest.framework */,
			);
			name = Frameworks;
			sourceTree = "<group>";
		};
		550B0BF818B445200053A0F7 /* Basic Pic Grabber */ = {
			isa = PBXGroup;
			children = (
				550B0C0118B445200053A0F7 /* DCMAppDelegate.h */,
				550B0C0218B445200053A0F7 /* DCMAppDelegate.m */,
				550B0C0418B445200053A0F7 /* Main.storyboard */,
				550B0C0718B445200053A0F7 /* DCMViewController.h */,
				550B0C0818B445200053A0F7 /* DCMViewController.m */,
				550B0C0A18B445200053A0F7 /* Images.xcassets */,
				550B0BF918B445200053A0F7 /* Supporting Files */,
			);
			path = "Basic Pic Grabber";
			sourceTree = "<group>";
		};
		550B0BF918B445200053A0F7 /* Supporting Files */ = {
			isa = PBXGroup;
			children = (
				550B0BFA18B445200053A0F7 /* Basic Pic Grabber-Info.plist */,
				550B0BFB18B445200053A0F7 /* InfoPlist.strings */,
				550B0BFE18B445200053A0F7 /* main.m */,
				550B0C0018B445200053A0F7 /* Basic Pic Grabber-Prefix.pch */,
			);
			name = "Supporting Files";
			sourceTree = "<group>";
		};
		550B0C1718B445210053A0F7 /* Basic Pic GrabberTests */ = {
			isa = PBXGroup;
			children = (
				550B0C1D18B445210053A0F7 /* Basic_Pic_GrabberTests.m */,
				550B0C1818B445210053A0F7 /* Supporting Files */,
			);
			path = "Basic Pic GrabberTests";
			sourceTree = "<group>";
		};
		550B0C1818B445210053A0F7 /* Supporting Files */ = {
			isa = PBXGroup;
			children = (
				550B0C1918B445210053A0F7 /* Basic Pic GrabberTests-Info.plist */,
				550B0C1A18B445210053A0F7 /* InfoPlist.strings */,
			);
			name = "Supporting Files";
			sourceTree = "<group>";
		};
/* End PBXGroup section */

/* Begin PBXNativeTarget section */
		550B0BEE18B445200053A0F7 /* Basic Pic Grabber */ = {
			isa = PBXNativeTarget;
			buildConfigurationList = 550B0C2118B445210053A0F7 /* Build configuration list for PBXNativeTarget "Basic Pic Grabber" */;
			buildPhases = (
				550B0BEB18B445200053A0F7 /* Sources */,
				550B0BEC18B445200053A0F7 /* Frameworks */,
				550B0BED18B445200053A0F7 /* Resources */,
			);
			buildRules = (
			);
			dependencies = (
			);
			name = "Basic Pic Grabber";
			productName = "Basic Pic Grabber";
			productReference = 550B0BEF18B445200053A0F7 /* Basic Pic Grabber.app */;
			productType = "com.apple.product-type.application";
		};
		550B0C0F18B445200053A0F7 /* Basic Pic GrabberTests */ = {
			isa = PBXNativeTarget;
			buildConfigurationList = 550B0C2418B445210053A0F7 /* Build configuration list for PBXNativeTarget "Basic Pic GrabberTests" */;
			buildPhases = (
				550B0C0C18B445200053A0F7 /* Sources */,
				550B0C0D18B445200053A0F7 /* Frameworks */,
				550B0C0E18B445200053A0F7 /* Resources */,
			);
			buildRules = (
			);
			dependencies = (
				550B0C1618B445210053A0F7 /* PBXTargetDependency */,
			);
			name = "Basic Pic GrabberTests";
			productName = "Basic Pic GrabberTests";
			productReference = 550B0C1018B445200053A0F7 /* Basic Pic GrabberTests.xctest */;
			productType = "com.apple.product-type.bundle.unit-test";
		};
/* End PBXNativeTarget section */

/* Begin PBXProject section */
		550B0BE718B445200053A0F7 /* Project object */ = {
			isa = PBXProject;
			attributes = {
				CLASSPREFIX = DCM;
				LastUpgradeCheck = 0500;
				ORGANIZATIONNAME = "David Moreland";
				TargetAttributes = {
					550B0C0F18B445200053A0F7 = {
						TestTargetID = 550B0BEE18B445200053A0F7;
					};
				};
			};
			buildConfigurationList = 550B0BEA18B445200053A0F7 /* Build configuration list for PBXProject "Basic Pic Grabber" */;
			compatibilityVersion = "Xcode 3.2";
			developmentRegion = English;
			hasScannedForEncodings = 0;
			knownRegions = (
				en,
				Base,
			);
			mainGroup = 550B0BE618B445200053A0F7;
			productRefGroup = 550B0BF018B445200053A0F7 /* Products */;
			projectDirPath = "";
			projectRoot = "";
			targets = (
				550B0BEE18B445200053A0F7 /* Basic Pic Grabber */,
				550B0C0F18B445200053A0F7 /* Basic Pic GrabberTests */,
			);
		};
/* End PBXProject section */

/* Begin PBXResourcesBuildPhase section */
		550B0BED18B445200053A0F7 /* Resources */ = {
			isa = PBXResourcesBuildPhase;
			buildActionMask = 2147483647;
			files = (
				550B0C0B18B445200053A0F7 /* Images.xcassets in Resources */,
				550B0BFD18B445200053A0F7 /* InfoPlist.strings in Resources */,
				550B0C0618B445200053A0F7 /* Main.storyboard in Resources */,
			);
			runOnlyForDeploymentPostprocessing = 0;
		};
		550B0C0E18B445200053A0F7 /* Resources */ = {
			isa = PBXResourcesBuildPhase;
			buildActionMask = 2147483647;
			files = (
				550B0C1C18B445210053A0F7 /* InfoPlist.strings in Resources */,
			);
			runOnlyForDeploymentPostprocessing = 0;
		};
/* End PBXResourcesBuildPhase section */

/* Begin PBXSourcesBuildPhase section */
		550B0BEB18B445200053A0F7 /* Sources */ = {
			isa = PBXSourcesBuildPhase;
			buildActionMask = 2147483647;
			files = (
				550B0C0918B445200053A0F7 /* DCMViewController.m in Sources */,
				550B0BFF18B445200053A0F7 /* main.m in Sources */,
				550B0C0318B445200053A0F7 /* DCMAppDelegate.m in Sources */,
			);
			runOnlyForDeploymentPostprocessing = 0;
		};
		550B0C0C18B445200053A0F7 /* Sources */ = {
			isa = PBXSourcesBuildPhase;
			buildActionMask = 2147483647;
			files = (
				550B0C1E18B445210053A0F7 /* Basic_Pic_GrabberTests.m in Sources */,
			);
			runOnlyForDeploymentPostprocessing = 0;
		};
/* End PBXSourcesBuildPhase section */

/* Begin PBXTargetDependency section */
		550B0C1618B445210053A0F7 /* PBXTargetDependency */ = {
			isa = PBXTargetDependency;
			target = 550B0BEE18B445200053A0F7 /* Basic Pic Grabber */;
			targetProxy = 550B0C1518B445210053A0F7 /* PBXContainerItemProxy */;
		};
/* End PBXTargetDependency section */

/* Begin PBXVariantGroup section */
		550B0BFB18B445200053A0F7 /* InfoPlist.strings */ = {
			isa = PBXVariantGroup;
			children = (
				550B0BFC18B445200053A0F7 /* en */,
			);
			name = InfoPlist.strings;
			sourceTree = "<group>";
		};
		550B0C0418B445200053A0F7 /* Main.storyboard */ = {
			isa = PBXVariantGroup;
			children = (
				550B0C0518B445200053A0F7 /* Base */,
			);
			name = Main.storyboard;
			sourceTree = "<group>";
		};
		550B0C1A18B445210053A0F7 /* InfoPlist.strings */ = {
			isa = PBXVariantGroup;
			children = (
				550B0C1B18B445210053A0F7 /* en */,
			);
			name = InfoPlist.strings;
			sourceTree = "<group>";
		};
/* End PBXVariantGroup section */

/* Begin XCBuildConfiguration section */
		550B0C1F18B445210053A0F7 /* Debug */ = {
			isa = XCBuildConfiguration;
			buildSettings = {
				ALWAYS_SEARCH_USER_PATHS = NO;
				ARCHS = "$(ARCHS_STANDARD_INCLUDING_64_BIT)";
				CLANG_CXX_LANGUAGE_STANDARD = "gnu++0x";
				CLANG_CXX_LIBRARY = "libc++";
				CLANG_ENABLE_MODULES = YES;
				CLANG_ENABLE_OBJC_ARC = YES;
				CLANG_WARN_BOOL_CONVERSION = YES;
				CLANG_WARN_CONSTANT_CONVERSION = YES;
				CLANG_WARN_DIRECT_OBJC_ISA_USAGE = YES_ERROR;
				CLANG_WARN_EMPTY_BODY = YES;
				CLANG_WARN_ENUM_CONVERSION = YES;
				CLANG_WARN_INT_CONVERSION = YES;
				CLANG_WARN_OBJC_ROOT_CLASS = YES_ERROR;
				CLANG_WARN__DUPLICATE_METHOD_MATCH = YES;
				"CODE_SIGN_IDENTITY[sdk=iphoneos*]" = "iPhone Developer";
				COPY_PHASE_STRIP = NO;
				GCC_C_LANGUAGE_STANDARD = gnu99;
				GCC_DYNAMIC_NO_PIC = NO;
				GCC_OPTIMIZATION_LEVEL = 0;
				GCC_PREPROCESSOR_DEFINITIONS = (
					"DEBUG=1",
					"$(inherited)",
				);
				GCC_SYMBOLS_PRIVATE_EXTERN = NO;
				GCC_WARN_64_TO_32_BIT_CONVERSION = YES;
				GCC_WARN_ABOUT_RETURN_TYPE = YES_ERROR;
				GCC_WARN_UNDECLARED_SELECTOR = YES;
				GCC_WARN_UNINITIALIZED_AUTOS = YES;
				GCC_WARN_UNUSED_FUNCTION = YES;
				GCC_WARN_UNUSED_VARIABLE = YES;
				IPHONEOS_DEPLOYMENT_TARGET = 7.0;
				ONLY_ACTIVE_ARCH = YES;
				SDKROOT = iphoneos;
			};
			name = Debug;
		};
		550B0C2018B445210053A0F7 /* Release */ = {
			isa = XCBuildConfiguration;
			buildSettings = {
				ALWAYS_SEARCH_USER_PATHS = NO;
				ARCHS = "$(ARCHS_STANDARD_INCLUDING_64_BIT)";
				CLANG_CXX_LANGUAGE_STANDARD = "gnu++0x";
				CLANG_CXX_LIBRARY = "libc++";
				CLANG_ENABLE_MODULES = YES;
				CLANG_ENABLE_OBJC_ARC = YES;
				CLANG_WARN_BOOL_CONVERSION = YES;
				CLANG_WARN_CONSTANT_CONVERSION = YES;
				CLANG_WARN_DIRECT_OBJC_ISA_USAGE = YES_ERROR;
				CLANG_WARN_EMPTY_BODY = YES;
				CLANG_WARN_ENUM_CONVERSION = YES;
				CLANG_WARN_INT_CONVERSION = YES;
				CLANG_WARN_OBJC_ROOT_CLASS = YES_ERROR;
				CLANG_WARN__DUPLICATE_METHOD_MATCH = YES;
				"CODE_SIGN_IDENTITY[sdk=iphoneos*]" = "iPhone Developer";
				COPY_PHASE_STRIP = YES;
				ENABLE_NS_ASSERTIONS = NO;
				GCC_C_LANGUAGE_STANDARD = gnu99;
				GCC_WARN_64_TO_32_BIT_CONVERSION = YES;
				GCC_WARN_ABOUT_RETURN_TYPE = YES_ERROR;
				GCC_WARN_UNDECLARED_SELECTOR = YES;
				GCC_WARN_UNINITIALIZED_AUTOS = YES;
				GCC_WARN_UNUSED_FUNCTION = YES;
				GCC_WARN_UNUSED_VARIABLE = YES;
				IPHONEOS_DEPLOYMENT_TARGET = 7.0;
				SDKROOT = iphoneos;
				VALIDATE_PRODUCT = YES;
			};
			name = Release;
		};
		550B0C2218B445210053A0F7 /* Debug */ = {
			isa = XCBuildConfiguration;
			buildSettings = {
				ASSETCATALOG_COMPILER_APPICON_NAME = AppIcon;
				ASSETCATALOG_COMPILER_LAUNCHIMAGE_NAME = LaunchImage;
				GCC_PRECOMPILE_PREFIX_HEADER = YES;
				GCC_PREFIX_HEADER = "Basic Pic Grabber/Basic Pic Grabber-Prefix.pch";
				INFOPLIST_FILE = "Basic Pic Grabber/Basic Pic Grabber-Info.plist";
				PRODUCT_NAME = "$(TARGET_NAME)";
				WRAPPER_EXTENSION = app;
			};
			name = Debug;
		};
		550B0C2318B445210053A0F7 /* Release */ = {
			isa = XCBuildConfiguration;
			buildSettings = {
				ASSETCATALOG_COMPILER_APPICON_NAME = AppIcon;
				ASSETCATALOG_COMPILER_LAUNCHIMAGE_NAME = LaunchImage;
				GCC_PRECOMPILE_PREFIX_HEADER = YES;
				GCC_PREFIX_HEADER = "Basic Pic Grabber/Basic Pic Grabber-Prefix.pch";
				INFOPLIST_FILE = "Basic Pic Grabber/Basic Pic Grabber-Info.plist";
				PRODUCT_NAME = "$(TARGET_NAME)";
				WRAPPER_EXTENSION = app;
			};
			name = Release;
		};
		550B0C2518B445210053A0F7 /* Debug */ = {
			isa = XCBuildConfiguration;
			buildSettings = {
				ARCHS = "$(ARCHS_STANDARD_INCLUDING_64_BIT)";
				BUNDLE_LOADER = "$(BUILT_PRODUCTS_DIR)/Basic Pic Grabber.app/Basic Pic Grabber";
				FRAMEWORK_SEARCH_PATHS = (
					"$(SDKROOT)/Developer/Library/Frameworks",
					"$(inherited)",
					"$(DEVELOPER_FRAMEWORKS_DIR)",
				);
				GCC_PRECOMPILE_PREFIX_HEADER = YES;
				GCC_PREFIX_HEADER = "Basic Pic Grabber/Basic Pic Grabber-Prefix.pch";
				GCC_PREPROCESSOR_DEFINITIONS = (
					"DEBUG=1",
					"$(inherited)",
				);
				INFOPLIST_FILE = "Basic Pic GrabberTests/Basic Pic GrabberTests-Info.plist";
				PRODUCT_NAME = "$(TARGET_NAME)";
				TEST_HOST = "$(BUNDLE_LOADER)";
				WRAPPER_EXTENSION = xctest;
			};
			name = Debug;
		};
		550B0C2618B445210053A0F7 /* Release */ = {
			isa = XCBuildConfiguration;
			buildSettings = {
				ARCHS = "$(ARCHS_STANDARD_INCLUDING_64_BIT)";
				BUNDLE_LOADER = "$(BUILT_PRODUCTS_DIR)/Basic Pic Grabber.app/Basic Pic Grabber";
				FRAMEWORK_SEARCH_PATHS = (
					"$(SDKROOT)/Developer/Library/Frameworks",
					"$(inherited)",
					"$(DEVELOPER_FRAMEWORKS_DIR)",
				);
				GCC_PRECOMPILE_PREFIX_HEADER = YES;
				GCC_PREFIX_HEADER = "Basic Pic Grabber/Basic Pic Grabber-Prefix.pch";
				INFOPLIST_FILE = "Basic Pic GrabberTests/Basic Pic GrabberTests-Info.plist";
				PRODUCT_NAME = "$(TARGET_NAME)";
				TEST_HOST = "$(BUNDLE_LOADER)";
				WRAPPER_EXTENSION = xctest;
			};
			name = Release;
		};
/* End XCBuildConfiguration section */

/* Begin XCConfigurationList section */
		550B0BEA18B445200053A0F7 /* Build configuration list for PBXProject "Basic Pic Grabber" */ = {
			isa = XCConfigurationList;
			buildConfigurations = (
				550B0C1F18B445210053A0F7 /* Debug */,
				550B0C2018B445210053A0F7 /* Release */,
			);
			defaultConfigurationIsVisible = 0;
			defaultConfigurationName = Release;
		};
		550B0C2118B445210053A0F7 /* Build configuration list for PBXNativeTarget "Basic Pic Grabber" */ = {
			isa = XCConfigurationList;
			buildConfigurations = (
				550B0C2218B445210053A0F7 /* Debug */,
				550B0C2318B445210053A0F7 /* Release */,
			);
			defaultConfigurationIsVisible = 0;
		};
		550B0C2418B445210053A0F7 /* Build configuration list for PBXNativeTarget "Basic Pic GrabberTests" */ = {
			isa = XCConfigurationList;
			buildConfigurations = (
				550B0C2518B445210053A0F7 /* Debug */,
				550B0C2618B445210053A0F7 /* Release */,
			);
			defaultConfigurationIsVisible = 0;
		};
/* End XCConfigurationList section */
	};
	rootObject = 550B0BE718B445200053A0F7 /* Project object */;
}
